
Microsoft Visual Studio Solution File, Format Version 12.00
# Visual Studio Version 16
VisualStudioVersion = 16.0.31605.320
MinimumVisualStudioVersion = 10.0.40219.1
Project("{FAE04EC0-301F-11D3-BF4B-00C04F79EFBC}") = "Kozgova.Kurs.PolMJ", "Kozgova.Kurs.PolMJ\Kozgova.Kurs.PolMJ.csproj", "{B94CB377-2068-42BA-ADFA-8B4803C9FB1B}"
EndProject
Global
	GlobalSection(SolutionConfigurationPlatforms) = preSolution
		Debug|Any CPU = Debug|Any CPU
		Release|Any CPU = Release|Any CPU
	EndGlobalSection
	GlobalSection(ProjectConfigurationPlatforms) = postSolution
		{B94CB377-2068-42BA-ADFA-8B4803C9FB1B}.Debug|Any CPU.ActiveCfg = Debug|Any CPU
		{B94CB377-2068-42BA-ADFA-8B4803C9FB1B}.Debug|Any CPU.Build.0 = Debug|Any CPU
		{B94CB377-2068-42BA-ADFA-8B4803C9FB1B}.Release|Any CPU.ActiveCfg = Release|Any CPU
		{B94CB377-2068-42BA-ADFA-8B4803C9FB1B}.Release|Any CPU.Build.0 = Release|Any CPU
	EndGlobalSection
	GlobalSection(SolutionProperties) = preSolution
		HideSolutionNode = FALSE
	EndGlobalSection
	GlobalSection(ExtensibilityGlobals) = postSolution
		SolutionGuid = {2E0EA13D-CA73-45F2-857E-CE41A881D176}
	EndGlobalSection
EndGlobal
